
Microsoft Visual Studio Solution File, Format Version 12.00
# Visual Studio Version 17
VisualStudioVersion = 17.4.33205.214
MinimumVisualStudioVersion = 10.0.40219.1
Project("{FAE04EC0-301F-11D3-BF4B-00C04F79EFBC}") = "OneMapAPI", "OneMapAPI\OneMapAPI.csproj", "{4235A1EB-38AD-451B-9627-9A7277EFBED2}"
EndProject
Global
	GlobalSection(SolutionConfigurationPlatforms) = preSolution
		Debug|Any CPU = Debug|Any CPU
		Release|Any CPU = Release|Any CPU
	EndGlobalSection
	GlobalSection(ProjectConfigurationPlatforms) = postSolution
		{4235A1EB-38AD-451B-9627-9A7277EFBED2}.Debug|Any CPU.ActiveCfg = Debug|Any CPU
		{4235A1EB-38AD-451B-9627-9A7277EFBED2}.Debug|Any CPU.Build.0 = Debug|Any CPU
		{4235A1EB-38AD-451B-9627-9A7277EFBED2}.Release|Any CPU.ActiveCfg = Release|Any CPU
		{4235A1EB-38AD-451B-9627-9A7277EFBED2}.Release|Any CPU.Build.0 = Release|Any CPU
	EndGlobalSection
	GlobalSection(SolutionProperties) = preSolution
		HideSolutionNode = FALSE
	EndGlobalSection
	GlobalSection(ExtensibilityGlobals) = postSolution
		SolutionGuid = {22EC59F1-B7B1-498D-B404-46F233507914}
	EndGlobalSection
EndGlobal
